
Microsoft Visual Studio Solution File, Format Version 12.00
# Visual Studio Version 16
VisualStudioVersion = 16.0.30907.101
MinimumVisualStudioVersion = 10.0.40219.1
Project("{FAE04EC0-301F-11D3-BF4B-00C04F79EFBC}") = "TpNotéOnfray", "TpNotéOnfray.csproj", "{E7B3FF77-AEF1-4203-A1BB-8AAC45A5FDB0}"
EndProject
Global
	GlobalSection(SolutionConfigurationPlatforms) = preSolution
		Debug|Any CPU = Debug|Any CPU
		Release|Any CPU = Release|Any CPU
	EndGlobalSection
	GlobalSection(ProjectConfigurationPlatforms) = postSolution
		{E7B3FF77-AEF1-4203-A1BB-8AAC45A5FDB0}.Debug|Any CPU.ActiveCfg = Debug|Any CPU
		{E7B3FF77-AEF1-4203-A1BB-8AAC45A5FDB0}.Debug|Any CPU.Build.0 = Debug|Any CPU
		{E7B3FF77-AEF1-4203-A1BB-8AAC45A5FDB0}.Release|Any CPU.ActiveCfg = Release|Any CPU
		{E7B3FF77-AEF1-4203-A1BB-8AAC45A5FDB0}.Release|Any CPU.Build.0 = Release|Any CPU
	EndGlobalSection
	GlobalSection(SolutionProperties) = preSolution
		HideSolutionNode = FALSE
	EndGlobalSection
	GlobalSection(ExtensibilityGlobals) = postSolution
		SolutionGuid = {2FA9304C-EF48-4047-80A4-BB34899FD25E}
	EndGlobalSection
EndGlobal
